// !$*UTF8*$!
{
	archiveVersion = 1;
	classes = {
	};
	objectVersion = 56;
	objects = {

/* Begin PBXBuildFile section */
		F0D4A182294F2534006C528B /* AppDelegate.swift in Sources */ = {isa = PBXBuildFile; fileRef = F0D4A181294F2534006C528B /* AppDelegate.swift */; };
		F0D4A184294F2534006C528B /* SceneDelegate.swift in Sources */ = {isa = PBXBuildFile; fileRef = F0D4A183294F2534006C528B /* SceneDelegate.swift */; };
		F0D4A186294F2534006C528B /* ViewController.swift in Sources */ = {isa = PBXBuildFile; fileRef = F0D4A185294F2534006C528B /* ViewController.swift */; };
		F0D4A189294F2534006C528B /* Main.storyboard in Resources */ = {isa = PBXBuildFile; fileRef = F0D4A187294F2534006C528B /* Main.storyboard */; };
		F0D4A18C294F2534006C528B /* RAWGVideoGames.xcdatamodeld in Sources */ = {isa = PBXBuildFile; fileRef = F0D4A18A294F2534006C528B /* RAWGVideoGames.xcdatamodeld */; };
		F0D4A18E294F2535006C528B /* Assets.xcassets in Resources */ = {isa = PBXBuildFile; fileRef = F0D4A18D294F2535006C528B /* Assets.xcassets */; };
		F0D4A191294F2535006C528B /* LaunchScreen.storyboard in Resources */ = {isa = PBXBuildFile; fileRef = F0D4A18F294F2535006C528B /* LaunchScreen.storyboard */; };
		F0D4A19C294F2535006C528B /* RAWGVideoGamesTests.swift in Sources */ = {isa = PBXBuildFile; fileRef = F0D4A19B294F2535006C528B /* RAWGVideoGamesTests.swift */; };
		F0D4A1A6294F2535006C528B /* RAWGVideoGamesUITests.swift in Sources */ = {isa = PBXBuildFile; fileRef = F0D4A1A5294F2535006C528B /* RAWGVideoGamesUITests.swift */; };
		F0D4A1A8294F2535006C528B /* RAWGVideoGamesUITestsLaunchTests.swift in Sources */ = {isa = PBXBuildFile; fileRef = F0D4A1A7294F2535006C528B /* RAWGVideoGamesUITestsLaunchTests.swift */; };
/* End PBXBuildFile section */

/* Begin PBXContainerItemProxy section */
		F0D4A198294F2535006C528B /* PBXContainerItemProxy */ = {
			isa = PBXContainerItemProxy;
			containerPortal = F0D4A176294F2534006C528B /* Project object */;
			proxyType = 1;
			remoteGlobalIDString = F0D4A17D294F2534006C528B;
			remoteInfo = RAWGVideoGames;
		};
		F0D4A1A2294F2535006C528B /* PBXContainerItemProxy */ = {
			isa = PBXContainerItemProxy;
			containerPortal = F0D4A176294F2534006C528B /* Project object */;
			proxyType = 1;
			remoteGlobalIDString = F0D4A17D294F2534006C528B;
			remoteInfo = RAWGVideoGames;
		};
/* End PBXContainerItemProxy section */

/* Begin PBXFileReference section */
		F0D4A17E294F2534006C528B /* RAWGVideoGames.app */ = {isa = PBXFileReference; explicitFileType = wrapper.application; includeInIndex = 0; path = RAWGVideoGames.app; sourceTree = BUILT_PRODUCTS_DIR; };
		F0D4A181294F2534006C528B /* AppDelegate.swift */ = {isa = PBXFileReference; lastKnownFileType = sourcecode.swift; path = AppDelegate.swift; sourceTree = "<group>"; };
		F0D4A183294F2534006C528B /* SceneDelegate.swift */ = {isa = PBXFileReference; lastKnownFileType = sourcecode.swift; path = SceneDelegate.swift; sourceTree = "<group>"; };
		F0D4A185294F2534006C528B /* ViewController.swift */ = {isa = PBXFileReference; lastKnownFileType = sourcecode.swift; path = ViewController.swift; sourceTree = "<group>"; };
		F0D4A188294F2534006C528B /* Base */ = {isa = PBXFileReference; lastKnownFileType = file.storyboard; name = Base; path = Base.lproj/Main.storyboard; sourceTree = "<group>"; };
		F0D4A18B294F2534006C528B /* RAWGVideoGames.xcdatamodel */ = {isa = PBXFileReference; lastKnownFileType = wrapper.xcdatamodel; path = RAWGVideoGames.xcdatamodel; sourceTree = "<group>"; };
		F0D4A18D294F2535006C528B /* Assets.xcassets */ = {isa = PBXFileReference; lastKnownFileType = folder.assetcatalog; path = Assets.xcassets; sourceTree = "<group>"; };
		F0D4A190294F2535006C528B /* Base */ = {isa = PBXFileReference; lastKnownFileType = file.storyboard; name = Base; path = Base.lproj/LaunchScreen.storyboard; sourceTree = "<group>"; };
		F0D4A192294F2535006C528B /* Info.plist */ = {isa = PBXFileReference; lastKnownFileType = text.plist.xml; path = Info.plist; sourceTree = "<group>"; };
		F0D4A197294F2535006C528B /* RAWGVideoGamesTests.xctest */ = {isa = PBXFileReference; explicitFileType = wrapper.cfbundle; includeInIndex = 0; path = RAWGVideoGamesTests.xctest; sourceTree = BUILT_PRODUCTS_DIR; };
		F0D4A19B294F2535006C528B /* RAWGVideoGamesTests.swift */ = {isa = PBXFileReference; lastKnownFileType = sourcecode.swift; path = RAWGVideoGamesTests.swift; sourceTree = "<group>"; };
		F0D4A1A1294F2535006C528B /* RAWGVideoGamesUITests.xctest */ = {isa = PBXFileReference; explicitFileType = wrapper.cfbundle; includeInIndex = 0; path = RAWGVideoGamesUITests.xctest; sourceTree = BUILT_PRODUCTS_DIR; };
		F0D4A1A5294F2535006C528B /* RAWGVideoGamesUITests.swift */ = {isa = PBXFileReference; lastKnownFileType = sourcecode.swift; path = RAWGVideoGamesUITests.swift; sourceTree = "<group>"; };
		F0D4A1A7294F2535006C528B /* RAWGVideoGamesUITestsLaunchTests.swift */ = {isa = PBXFileReference; lastKnownFileType = sourcecode.swift; path = RAWGVideoGamesUITestsLaunchTests.swift; sourceTree = "<group>"; };
/* End PBXFileReference section */

/* Begin PBXFrameworksBuildPhase section */
		F0D4A17B294F2534006C528B /* Frameworks */ = {
			isa = PBXFrameworksBuildPhase;
			buildActionMask = 2147483647;
			files = (
			);
			runOnlyForDeploymentPostprocessing = 0;
		};
		F0D4A194294F2535006C528B /* Frameworks */ = {
			isa = PBXFrameworksBuildPhase;
			buildActionMask = 2147483647;
			files = (
			);
			runOnlyForDeploymentPostprocessing = 0;
		};
		F0D4A19E294F2535006C528B /* Frameworks */ = {
			isa = PBXFrameworksBuildPhase;
			buildActionMask = 2147483647;
			files = (
			);
			runOnlyForDeploymentPostprocessing = 0;
		};
/* End PBXFrameworksBuildPhase section */

/* Begin PBXGroup section */
		F0D4A175294F2534006C528B = {
			isa = PBXGroup;
			children = (
				F0D4A180294F2534006C528B /* RAWGVideoGames */,
				F0D4A19A294F2535006C528B /* RAWGVideoGamesTests */,
				F0D4A1A4294F2535006C528B /* RAWGVideoGamesUITests */,
				F0D4A17F294F2534006C528B /* Products */,
			);
			sourceTree = "<group>";
		};
		F0D4A17F294F2534006C528B /* Products */ = {
			isa = PBXGroup;
			children = (
				F0D4A17E294F2534006C528B /* RAWGVideoGames.app */,
				F0D4A197294F2535006C528B /* RAWGVideoGamesTests.xctest */,
				F0D4A1A1294F2535006C528B /* RAWGVideoGamesUITests.xctest */,
			);
			name = Products;
			sourceTree = "<group>";
		};
		F0D4A180294F2534006C528B /* RAWGVideoGames */ = {
			isa = PBXGroup;
			children = (
				F0D4A181294F2534006C528B /* AppDelegate.swift */,
				F0D4A183294F2534006C528B /* SceneDelegate.swift */,
				F0D4A185294F2534006C528B /* ViewController.swift */,
				F0D4A187294F2534006C528B /* Main.storyboard */,
				F0D4A18D294F2535006C528B /* Assets.xcassets */,
				F0D4A18F294F2535006C528B /* LaunchScreen.storyboard */,
				F0D4A192294F2535006C528B /* Info.plist */,
				F0D4A18A294F2534006C528B /* RAWGVideoGames.xcdatamodeld */,
			);
			path = RAWGVideoGames;
			sourceTree = "<group>";
		};
		F0D4A19A294F2535006C528B /* RAWGVideoGamesTests */ = {
			isa = PBXGroup;
			children = (
				F0D4A19B294F2535006C528B /* RAWGVideoGamesTests.swift */,
			);
			path = RAWGVideoGamesTests;
			sourceTree = "<group>";
		};
		F0D4A1A4294F2535006C528B /* RAWGVideoGamesUITests */ = {
			isa = PBXGroup;
			children = (
				F0D4A1A5294F2535006C528B /* RAWGVideoGamesUITests.swift */,
				F0D4A1A7294F2535006C528B /* RAWGVideoGamesUITestsLaunchTests.swift */,
			);
			path = RAWGVideoGamesUITests;
			sourceTree = "<group>";
		};
/* End PBXGroup section */

/* Begin PBXNativeTarget section */
		F0D4A17D294F2534006C528B /* RAWGVideoGames */ = {
			isa = PBXNativeTarget;
			buildConfigurationList = F0D4A1AB294F2535006C528B /* Build configuration list for PBXNativeTarget "RAWGVideoGames" */;
			buildPhases = (
				F0D4A17A294F2534006C528B /* Sources */,
				F0D4A17B294F2534006C528B /* Frameworks */,
				F0D4A17C294F2534006C528B /* Resources */,
			);
			buildRules = (
			);
			dependencies = (
			);
			name = RAWGVideoGames;
			productName = RAWGVideoGames;
			productReference = F0D4A17E294F2534006C528B /* RAWGVideoGames.app */;
			productType = "com.apple.product-type.application";
		};
		F0D4A196294F2535006C528B /* RAWGVideoGamesTests */ = {
			isa = PBXNativeTarget;
			buildConfigurationList = F0D4A1AE294F2535006C528B /* Build configuration list for PBXNativeTarget "RAWGVideoGamesTests" */;
			buildPhases = (
				F0D4A193294F2535006C528B /* Sources */,
				F0D4A194294F2535006C528B /* Frameworks */,
				F0D4A195294F2535006C528B /* Resources */,
			);
			buildRules = (
			);
			dependencies = (
				F0D4A199294F2535006C528B /* PBXTargetDependency */,
			);
			name = RAWGVideoGamesTests;
			productName = RAWGVideoGamesTests;
			productReference = F0D4A197294F2535006C528B /* RAWGVideoGamesTests.xctest */;
			productType = "com.apple.product-type.bundle.unit-test";
		};
		F0D4A1A0294F2535006C528B /* RAWGVideoGamesUITests */ = {
			isa = PBXNativeTarget;
			buildConfigurationList = F0D4A1B1294F2535006C528B /* Build configuration list for PBXNativeTarget "RAWGVideoGamesUITests" */;
			buildPhases = (
				F0D4A19D294F2535006C528B /* Sources */,
				F0D4A19E294F2535006C528B /* Frameworks */,
				F0D4A19F294F2535006C528B /* Resources */,
			);
			buildRules = (
			);
			dependencies = (
				F0D4A1A3294F2535006C528B /* PBXTargetDependency */,
			);
			name = RAWGVideoGamesUITests;
			productName = RAWGVideoGamesUITests;
			productReference = F0D4A1A1294F2535006C528B /* RAWGVideoGamesUITests.xctest */;
			productType = "com.apple.product-type.bundle.ui-testing";
		};
/* End PBXNativeTarget section */

/* Begin PBXProject section */
		F0D4A176294F2534006C528B /* Project object */ = {
			isa = PBXProject;
			attributes = {
				BuildIndependentTargetsInParallel = 1;
				LastSwiftUpdateCheck = 1420;
				LastUpgradeCheck = 1420;
				TargetAttributes = {
					F0D4A17D294F2534006C528B = {
						CreatedOnToolsVersion = 14.2;
					};
					F0D4A196294F2535006C528B = {
						CreatedOnToolsVersion = 14.2;
						TestTargetID = F0D4A17D294F2534006C528B;
					};
					F0D4A1A0294F2535006C528B = {
						CreatedOnToolsVersion = 14.2;
						TestTargetID = F0D4A17D294F2534006C528B;
					};
				};
			};
			buildConfigurationList = F0D4A179294F2534006C528B /* Build configuration list for PBXProject "RAWGVideoGames" */;
			compatibilityVersion = "Xcode 14.0";
			developmentRegion = en;
			hasScannedForEncodings = 0;
			knownRegions = (
				en,
				Base,
			);
			mainGroup = F0D4A175294F2534006C528B;
			productRefGroup = F0D4A17F294F2534006C528B /* Products */;
			projectDirPath = "";
			projectRoot = "";
			targets = (
				F0D4A17D294F2534006C528B /* RAWGVideoGames */,
				F0D4A196294F2535006C528B /* RAWGVideoGamesTests */,
				F0D4A1A0294F2535006C528B /* RAWGVideoGamesUITests */,
			);
		};
/* End PBXProject section */

/* Begin PBXResourcesBuildPhase section */
		F0D4A17C294F2534006C528B /* Resources */ = {
			isa = PBXResourcesBuildPhase;
			buildActionMask = 2147483647;
			files = (
				F0D4A191294F2535006C528B /* LaunchScreen.storyboard in Resources */,
				F0D4A18E294F2535006C528B /* Assets.xcassets in Resources */,
				F0D4A189294F2534006C528B /* Main.storyboard in Resources */,
			);
			runOnlyForDeploymentPostprocessing = 0;
		};
		F0D4A195294F2535006C528B /* Resources */ = {
			isa = PBXResourcesBuildPhase;
			buildActionMask = 2147483647;
			files = (
			);
			runOnlyForDeploymentPostprocessing = 0;
		};
		F0D4A19F294F2535006C528B /* Resources */ = {
			isa = PBXResourcesBuildPhase;
			buildActionMask = 2147483647;
			files = (
			);
			runOnlyForDeploymentPostprocessing = 0;
		};
/* End PBXResourcesBuildPhase section */

/* Begin PBXSourcesBuildPhase section */
		F0D4A17A294F2534006C528B /* Sources */ = {
			isa = PBXSourcesBuildPhase;
			buildActionMask = 2147483647;
			files = (
				F0D4A18C294F2534006C528B /* RAWGVideoGames.xcdatamodeld in Sources */,
				F0D4A186294F2534006C528B /* ViewController.swift in Sources */,
				F0D4A182294F2534006C528B /* AppDelegate.swift in Sources */,
				F0D4A184294F2534006C528B /* SceneDelegate.swift in Sources */,
			);
			runOnlyForDeploymentPostprocessing = 0;
		};
		F0D4A193294F2535006C528B /* Sources */ = {
			isa = PBXSourcesBuildPhase;
			buildActionMask = 2147483647;
			files = (
				F0D4A19C294F2535006C528B /* RAWGVideoGamesTests.swift in Sources */,
			);
			runOnlyForDeploymentPostprocessing = 0;
		};
		F0D4A19D294F2535006C528B /* Sources */ = {
			isa = PBXSourcesBuildPhase;
			buildActionMask = 2147483647;
			files = (
				F0D4A1A6294F2535006C528B /* RAWGVideoGamesUITests.swift in Sources */,
				F0D4A1A8294F2535006C528B /* RAWGVideoGamesUITestsLaunchTests.swift in Sources */,
			);
			runOnlyForDeploymentPostprocessing = 0;
		};
/* End PBXSourcesBuildPhase section */

/* Begin PBXTargetDependency section */
		F0D4A199294F2535006C528B /* PBXTargetDependency */ = {
			isa = PBXTargetDependency;
			target = F0D4A17D294F2534006C528B /* RAWGVideoGames */;
			targetProxy = F0D4A198294F2535006C528B /* PBXContainerItemProxy */;
		};
		F0D4A1A3294F2535006C528B /* PBXTargetDependency */ = {
			isa = PBXTargetDependency;
			target = F0D4A17D294F2534006C528B /* RAWGVideoGames */;
			targetProxy = F0D4A1A2294F2535006C528B /* PBXContainerItemProxy */;
		};
/* End PBXTargetDependency section */

/* Begin PBXVariantGroup section */
		F0D4A187294F2534006C528B /* Main.storyboard */ = {
			isa = PBXVariantGroup;
			children = (
				F0D4A188294F2534006C528B /* Base */,
			);
			name = Main.storyboard;
			sourceTree = "<group>";
		};
		F0D4A18F294F2535006C528B /* LaunchScreen.storyboard */ = {
			isa = PBXVariantGroup;
			children = (
				F0D4A190294F2535006C528B /* Base */,
			);
			name = LaunchScreen.storyboard;
			sourceTree = "<group>";
		};
/* End PBXVariantGroup section */

/* Begin XCBuildConfiguration section */
		F0D4A1A9294F2535006C528B /* Debug */ = {
			isa = XCBuildConfiguration;
			buildSettings = {
				ALWAYS_SEARCH_USER_PATHS = NO;
				CLANG_ANALYZER_NONNULL = YES;
				CLANG_ANALYZER_NUMBER_OBJECT_CONVERSION = YES_AGGRESSIVE;
				CLANG_CXX_LANGUAGE_STANDARD = "gnu++20";
				CLANG_ENABLE_MODULES = YES;
				CLANG_ENABLE_OBJC_ARC = YES;
				CLANG_ENABLE_OBJC_WEAK = YES;
				CLANG_WARN_BLOCK_CAPTURE_AUTORELEASING = YES;
				CLANG_WARN_BOOL_CONVERSION = YES;
				CLANG_WARN_COMMA = YES;
				CLANG_WARN_CONSTANT_CONVERSION = YES;
				CLANG_WARN_DEPRECATED_OBJC_IMPLEMENTATIONS = YES;
				CLANG_WARN_DIRECT_OBJC_ISA_USAGE = YES_ERROR;
				CLANG_WARN_DOCUMENTATION_COMMENTS = YES;
				CLANG_WARN_EMPTY_BODY = YES;
				CLANG_WARN_ENUM_CONVERSION = YES;
				CLANG_WARN_INFINITE_RECURSION = YES;
				CLANG_WARN_INT_CONVERSION = YES;
				CLANG_WARN_NON_LITERAL_NULL_CONVERSION = YES;
				CLANG_WARN_OBJC_IMPLICIT_RETAIN_SELF = YES;
				CLANG_WARN_OBJC_LITERAL_CONVERSION = YES;
				CLANG_WARN_OBJC_ROOT_CLASS = YES_ERROR;
				CLANG_WARN_QUOTED_INCLUDE_IN_FRAMEWORK_HEADER = YES;
				CLANG_WARN_RANGE_LOOP_ANALYSIS = YES;
				CLANG_WARN_STRICT_PROTOTYPES = YES;
				CLANG_WARN_SUSPICIOUS_MOVE = YES;
				CLANG_WARN_UNGUARDED_AVAILABILITY = YES_AGGRESSIVE;
				CLANG_WARN_UNREACHABLE_CODE = YES;
				CLANG_WARN__DUPLICATE_METHOD_MATCH = YES;
				COPY_PHASE_STRIP = NO;
				DEBUG_INFORMATION_FORMAT = dwarf;
				ENABLE_STRICT_OBJC_MSGSEND = YES;
				ENABLE_TESTABILITY = YES;
				GCC_C_LANGUAGE_STANDARD = gnu11;
				GCC_DYNAMIC_NO_PIC = NO;
				GCC_NO_COMMON_BLOCKS = YES;
				GCC_OPTIMIZATION_LEVEL = 0;
				GCC_PREPROCESSOR_DEFINITIONS = (
					"DEBUG=1",
					"$(inherited)",
				);
				GCC_WARN_64_TO_32_BIT_CONVERSION = YES;
				GCC_WARN_ABOUT_RETURN_TYPE = YES_ERROR;
				GCC_WARN_UNDECLARED_SELECTOR = YES;
				GCC_WARN_UNINITIALIZED_AUTOS = YES_AGGRESSIVE;
				GCC_WARN_UNUSED_FUNCTION = YES;
				GCC_WARN_UNUSED_VARIABLE = YES;
				IPHONEOS_DEPLOYMENT_TARGET = 16.2;
				MTL_ENABLE_DEBUG_INFO = INCLUDE_SOURCE;
				MTL_FAST_MATH = YES;
				ONLY_ACTIVE_ARCH = YES;
				SDKROOT = iphoneos;
				SWIFT_ACTIVE_COMPILATION_CONDITIONS = DEBUG;
				SWIFT_OPTIMIZATION_LEVEL = "-Onone";
			};
			name = Debug;
		};
		F0D4A1AA294F2535006C528B /* Release */ = {
			isa = XCBuildConfiguration;
			buildSettings = {
				ALWAYS_SEARCH_USER_PATHS = NO;
				CLANG_ANALYZER_NONNULL = YES;
				CLANG_ANALYZER_NUMBER_OBJECT_CONVERSION = YES_AGGRESSIVE;
				CLANG_CXX_LANGUAGE_STANDARD = "gnu++20";
				CLANG_ENABLE_MODULES = YES;
				CLANG_ENABLE_OBJC_ARC = YES;
				CLANG_ENABLE_OBJC_WEAK = YES;
				CLANG_WARN_BLOCK_CAPTURE_AUTORELEASING = YES;
				CLANG_WARN_BOOL_CONVERSION = YES;
				CLANG_WARN_COMMA = YES;
				CLANG_WARN_CONSTANT_CONVERSION = YES;
				CLANG_WARN_DEPRECATED_OBJC_IMPLEMENTATIONS = YES;
				CLANG_WARN_DIRECT_OBJC_ISA_USAGE = YES_ERROR;
				CLANG_WARN_DOCUMENTATION_COMMENTS = YES;
				CLANG_WARN_EMPTY_BODY = YES;
				CLANG_WARN_ENUM_CONVERSION = YES;
				CLANG_WARN_INFINITE_RECURSION = YES;
				CLANG_WARN_INT_CONVERSION = YES;
				CLANG_WARN_NON_LITERAL_NULL_CONVERSION = YES;
				CLANG_WARN_OBJC_IMPLICIT_RETAIN_SELF = YES;
				CLANG_WARN_OBJC_LITERAL_CONVERSION = YES;
				CLANG_WARN_OBJC_ROOT_CLASS = YES_ERROR;
				CLANG_WARN_QUOTED_INCLUDE_IN_FRAMEWORK_HEADER = YES;
				CLANG_WARN_RANGE_LOOP_ANALYSIS = YES;
				CLANG_WARN_STRICT_PROTOTYPES = YES;
				CLANG_WARN_SUSPICIOUS_MOVE = YES;
				CLANG_WARN_UNGUARDED_AVAILABILITY = YES_AGGRESSIVE;
				CLANG_WARN_UNREACHABLE_CODE = YES;
				CLANG_WARN__DUPLICATE_METHOD_MATCH = YES;
				COPY_PHASE_STRIP = NO;
				DEBUG_INFORMATION_FORMAT = "dwarf-with-dsym";
				ENABLE_NS_ASSERTIONS = NO;
				ENABLE_STRICT_OBJC_MSGSEND = YES;
				GCC_C_LANGUAGE_STANDARD = gnu11;
				GCC_NO_COMMON_BLOCKS = YES;
				GCC_WARN_64_TO_32_BIT_CONVERSION = YES;
				GCC_WARN_ABOUT_RETURN_TYPE = YES_ERROR;
				GCC_WARN_UNDECLARED_SELECTOR = YES;
				GCC_WARN_UNINITIALIZED_AUTOS = YES_AGGRESSIVE;
				GCC_WARN_UNUSED_FUNCTION = YES;
				GCC_WARN_UNUSED_VARIABLE = YES;
				IPHONEOS_DEPLOYMENT_TARGET = 16.2;
				MTL_ENABLE_DEBUG_INFO = NO;
				MTL_FAST_MATH = YES;
				SDKROOT = iphoneos;
				SWIFT_COMPILATION_MODE = wholemodule;
				SWIFT_OPTIMIZATION_LEVEL = "-O";
				VALIDATE_PRODUCT = YES;
			};
			name = Release;
		};
		F0D4A1AC294F2535006C528B /* Debug */ = {
			isa = XCBuildConfiguration;
			buildSettings = {
				ASSETCATALOG_COMPILER_APPICON_NAME = AppIcon;
				ASSETCATALOG_COMPILER_GLOBAL_ACCENT_COLOR_NAME = AccentColor;
				CODE_SIGN_STYLE = Automatic;
				CURRENT_PROJECT_VERSION = 1;
				DEVELOPMENT_TEAM = W4YA7HHQSD;
				GENERATE_INFOPLIST_FILE = YES;
				INFOPLIST_FILE = RAWGVideoGames/Info.plist;
				INFOPLIST_KEY_UIApplicationSupportsIndirectInputEvents = YES;
				INFOPLIST_KEY_UILaunchStoryboardName = LaunchScreen;
				INFOPLIST_KEY_UIMainStoryboardFile = Main;
				INFOPLIST_KEY_UISupportedInterfaceOrientations_iPad = "UIInterfaceOrientationPortrait UIInterfaceOrientationPortraitUpsideDown UIInterfaceOrientationLandscapeLeft UIInterfaceOrientationLandscapeRight";
				INFOPLIST_KEY_UISupportedInterfaceOrientations_iPhone = "UIInterfaceOrientationPortrait UIInterfaceOrientationLandscapeLeft UIInterfaceOrientationLandscapeRight";
				LD_RUNPATH_SEARCH_PATHS = (
					"$(inherited)",
					"@executable_path/Frameworks",
				);
				MARKETING_VERSION = 1.0;
				PRODUCT_BUNDLE_IDENTIFIER = com.yelizakkaya.RAWGVideoGames;
				PRODUCT_NAME = "$(TARGET_NAME)";
				SWIFT_EMIT_LOC_STRINGS = YES;
				SWIFT_VERSION = 5.0;
				TARGETED_DEVICE_FAMILY = "1,2";
			};
			name = Debug;
		};
		F0D4A1AD294F2535006C528B /* Release */ = {
			isa = XCBuildConfiguration;
			buildSettings = {
				ASSETCATALOG_COMPILER_APPICON_NAME = AppIcon;
				ASSETCATALOG_COMPILER_GLOBAL_ACCENT_COLOR_NAME = AccentColor;
				CODE_SIGN_STYLE = Automatic;
				CURRENT_PROJECT_VERSION = 1;
				DEVELOPMENT_TEAM = W4YA7HHQSD;
				GENERATE_INFOPLIST_FILE = YES;
				INFOPLIST_FILE = RAWGVideoGames/Info.plist;
				INFOPLIST_KEY_UIApplicationSupportsIndirectInputEvents = YES;
				INFOPLIST_KEY_UILaunchStoryboardName = LaunchScreen;
				INFOPLIST_KEY_UIMainStoryboardFile = Main;
				INFOPLIST_KEY_UISupportedInterfaceOrientations_iPad = "UIInterfaceOrientationPortrait UIInterfaceOrientationPortraitUpsideDown UIInterfaceOrientationLandscapeLeft UIInterfaceOrientationLandscapeRight";
				INFOPLIST_KEY_UISupportedInterfaceOrientations_iPhone = "UIInterfaceOrientationPortrait UIInterfaceOrientationLandscapeLeft UIInterfaceOrientationLandscapeRight";
				LD_RUNPATH_SEARCH_PATHS = (
					"$(inherited)",
					"@executable_path/Frameworks",
				);
				MARKETING_VERSION = 1.0;
				PRODUCT_BUNDLE_IDENTIFIER = com.yelizakkaya.RAWGVideoGames;
				PRODUCT_NAME = "$(TARGET_NAME)";
				SWIFT_EMIT_LOC_STRINGS = YES;
				SWIFT_VERSION = 5.0;
				TARGETED_DEVICE_FAMILY = "1,2";
			};
			name = Release;
		};
		F0D4A1AF294F2535006C528B /* Debug */ = {
			isa = XCBuildConfiguration;
			buildSettings = {
				ALWAYS_EMBED_SWIFT_STANDARD_LIBRARIES = YES;
				BUNDLE_LOADER = "$(TEST_HOST)";
				CODE_SIGN_STYLE = Automatic;
				CURRENT_PROJECT_VERSION = 1;
				DEVELOPMENT_TEAM = W4YA7HHQSD;
				GENERATE_INFOPLIST_FILE = YES;
				IPHONEOS_DEPLOYMENT_TARGET = 16.2;
				MARKETING_VERSION = 1.0;
				PRODUCT_BUNDLE_IDENTIFIER = com.yelizakkaya.RAWGVideoGamesTests;
				PRODUCT_NAME = "$(TARGET_NAME)";
				SWIFT_EMIT_LOC_STRINGS = NO;
				SWIFT_VERSION = 5.0;
				TARGETED_DEVICE_FAMILY = "1,2";
				TEST_HOST = "$(BUILT_PRODUCTS_DIR)/RAWGVideoGames.app/$(BUNDLE_EXECUTABLE_FOLDER_PATH)/RAWGVideoGames";
			};
			name = Debug;
		};
		F0D4A1B0294F2535006C528B /* Release */ = {
			isa = XCBuildConfiguration;
			buildSettings = {
				ALWAYS_EMBED_SWIFT_STANDARD_LIBRARIES = YES;
				BUNDLE_LOADER = "$(TEST_HOST)";
				CODE_SIGN_STYLE = Automatic;
				CURRENT_PROJECT_VERSION = 1;
				DEVELOPMENT_TEAM = W4YA7HHQSD;
				GENERATE_INFOPLIST_FILE = YES;
				IPHONEOS_DEPLOYMENT_TARGET = 16.2;
				MARKETING_VERSION = 1.0;
				PRODUCT_BUNDLE_IDENTIFIER = com.yelizakkaya.RAWGVideoGamesTests;
				PRODUCT_NAME = "$(TARGET_NAME)";
				SWIFT_EMIT_LOC_STRINGS = NO;
				SWIFT_VERSION = 5.0;
				TARGETED_DEVICE_FAMILY = "1,2";
				TEST_HOST = "$(BUILT_PRODUCTS_DIR)/RAWGVideoGames.app/$(BUNDLE_EXECUTABLE_FOLDER_PATH)/RAWGVideoGames";
			};
			name = Release;
		};
		F0D4A1B2294F2535006C528B /* Debug */ = {
			isa = XCBuildConfiguration;
			buildSettings = {
				ALWAYS_EMBED_SWIFT_STANDARD_LIBRARIES = YES;
				CODE_SIGN_STYLE = Automatic;
				CURRENT_PROJECT_VERSION = 1;
				DEVELOPMENT_TEAM = W4YA7HHQSD;
				GENERATE_INFOPLIST_FILE = YES;
				MARKETING_VERSION = 1.0;
				PRODUCT_BUNDLE_IDENTIFIER = com.yelizakkaya.RAWGVideoGamesUITests;
				PRODUCT_NAME = "$(TARGET_NAME)";
				SWIFT_EMIT_LOC_STRINGS = NO;
				SWIFT_VERSION = 5.0;
				TARGETED_DEVICE_FAMILY = "1,2";
				TEST_TARGET_NAME = RAWGVideoGames;
			};
			name = Debug;
		};
		F0D4A1B3294F2535006C528B /* Release */ = {
			isa = XCBuildConfiguration;
			buildSettings = {
				ALWAYS_EMBED_SWIFT_STANDARD_LIBRARIES = YES;
				CODE_SIGN_STYLE = Automatic;
				CURRENT_PROJECT_VERSION = 1;
				DEVELOPMENT_TEAM = W4YA7HHQSD;
				GENERATE_INFOPLIST_FILE = YES;
				MARKETING_VERSION = 1.0;
				PRODUCT_BUNDLE_IDENTIFIER = com.yelizakkaya.RAWGVideoGamesUITests;
				PRODUCT_NAME = "$(TARGET_NAME)";
				SWIFT_EMIT_LOC_STRINGS = NO;
				SWIFT_VERSION = 5.0;
				TARGETED_DEVICE_FAMILY = "1,2";
				TEST_TARGET_NAME = RAWGVideoGames;
			};
			name = Release;
		};
/* End XCBuildConfiguration section */

/* Begin XCConfigurationList section */
		F0D4A179294F2534006C528B /* Build configuration list for PBXProject "RAWGVideoGames" */ = {
			isa = XCConfigurationList;
			buildConfigurations = (
				F0D4A1A9294F2535006C528B /* Debug */,
				F0D4A1AA294F2535006C528B /* Release */,
			);
			defaultConfigurationIsVisible = 0;
			defaultConfigurationName = Release;
		};
		F0D4A1AB294F2535006C528B /* Build configuration list for PBXNativeTarget "RAWGVideoGames" */ = {
			isa = XCConfigurationList;
			buildConfigurations = (
				F0D4A1AC294F2535006C528B /* Debug */,
				F0D4A1AD294F2535006C528B /* Release */,
			);
			defaultConfigurationIsVisible = 0;
			defaultConfigurationName = Release;
		};
		F0D4A1AE294F2535006C528B /* Build configuration list for PBXNativeTarget "RAWGVideoGamesTests" */ = {
			isa = XCConfigurationList;
			buildConfigurations = (
				F0D4A1AF294F2535006C528B /* Debug */,
				F0D4A1B0294F2535006C528B /* Release */,
			);
			defaultConfigurationIsVisible = 0;
			defaultConfigurationName = Release;
		};
		F0D4A1B1294F2535006C528B /* Build configuration list for PBXNativeTarget "RAWGVideoGamesUITests" */ = {
			isa = XCConfigurationList;
			buildConfigurations = (
				F0D4A1B2294F2535006C528B /* Debug */,
				F0D4A1B3294F2535006C528B /* Release */,
			);
			defaultConfigurationIsVisible = 0;
			defaultConfigurationName = Release;
		};
/* End XCConfigurationList section */

/* Begin XCVersionGroup section */
		F0D4A18A294F2534006C528B /* RAWGVideoGames.xcdatamodeld */ = {
			isa = XCVersionGroup;
			children = (
				F0D4A18B294F2534006C528B /* RAWGVideoGames.xcdatamodel */,
			);
			currentVersion = F0D4A18B294F2534006C528B /* RAWGVideoGames.xcdatamodel */;
			path = RAWGVideoGames.xcdatamodeld;
			sourceTree = "<group>";
			versionGroupType = wrapper.xcdatamodel;
		};
/* End XCVersionGroup section */
	};
	rootObject = F0D4A176294F2534006C528B /* Project object */;
}
